
Microsoft Visual Studio Solution File, Format Version 12.00
# Visual Studio Version 17
VisualStudioVersion = 17.2.32616.157
MinimumVisualStudioVersion = 10.0.40219.1
Project("{FAE04EC0-301F-11D3-BF4B-00C04F79EFBC}") = "GR_lab6", "GR_lab6\GR_lab6.csproj", "{FDB47CA4-EDCF-4665-8344-DF8BF324D03A}"
EndProject
Global
	GlobalSection(SolutionConfigurationPlatforms) = preSolution
		Debug|Any CPU = Debug|Any CPU
		Release|Any CPU = Release|Any CPU
	EndGlobalSection
	GlobalSection(ProjectConfigurationPlatforms) = postSolution
		{FDB47CA4-EDCF-4665-8344-DF8BF324D03A}.Debug|Any CPU.ActiveCfg = Debug|Any CPU
		{FDB47CA4-EDCF-4665-8344-DF8BF324D03A}.Debug|Any CPU.Build.0 = Debug|Any CPU
		{FDB47CA4-EDCF-4665-8344-DF8BF324D03A}.Release|Any CPU.ActiveCfg = Release|Any CPU
		{FDB47CA4-EDCF-4665-8344-DF8BF324D03A}.Release|Any CPU.Build.0 = Release|Any CPU
	EndGlobalSection
	GlobalSection(SolutionProperties) = preSolution
		HideSolutionNode = FALSE
	EndGlobalSection
	GlobalSection(ExtensibilityGlobals) = postSolution
		SolutionGuid = {2CF132CF-F727-48E5-A929-0C0F9F57213C}
	EndGlobalSection
EndGlobal
